// !$*UTF8*$!
{
	archiveVersion = 1;
	classes = {
	};
	objectVersion = 46;
	objects = {

/* Begin PBXBuildFile section */
		8F062A261EF9FE3600483BA2 /* AppDelegate.swift in Sources */ = {isa = PBXBuildFile; fileRef = 8F062A251EF9FE3600483BA2 /* AppDelegate.swift */; };
		8F062A281EF9FE3600483BA2 /* UserViewControllerViewController.swift in Sources */ = {isa = PBXBuildFile; fileRef = 8F062A271EF9FE3600483BA2 /* UserViewControllerViewController.swift */; };
		8F062A2B1EF9FE3600483BA2 /* Main.storyboard in Resources */ = {isa = PBXBuildFile; fileRef = 8F062A291EF9FE3600483BA2 /* Main.storyboard */; };
		8F062A2D1EF9FE3600483BA2 /* Assets.xcassets in Resources */ = {isa = PBXBuildFile; fileRef = 8F062A2C1EF9FE3600483BA2 /* Assets.xcassets */; };
		8F062A301EF9FE3600483BA2 /* LaunchScreen.storyboard in Resources */ = {isa = PBXBuildFile; fileRef = 8F062A2E1EF9FE3600483BA2 /* LaunchScreen.storyboard */; };
		8F062A3B1EF9FE3600483BA2 /* sampleTest1Tests.swift in Sources */ = {isa = PBXBuildFile; fileRef = 8F062A3A1EF9FE3600483BA2 /* sampleTest1Tests.swift */; };
		8F062A461EF9FE3600483BA2 /* sampleTest1UITests.swift in Sources */ = {isa = PBXBuildFile; fileRef = 8F062A451EF9FE3600483BA2 /* sampleTest1UITests.swift */; };
		8F062A581EFA009900483BA2 /* UserObject.swift in Sources */ = {isa = PBXBuildFile; fileRef = 8F062A571EFA009900483BA2 /* UserObject.swift */; };
		8F062A5A1EFA05BF00483BA2 /* UserDetailViewController.swift in Sources */ = {isa = PBXBuildFile; fileRef = 8F062A591EFA05BF00483BA2 /* UserDetailViewController.swift */; };
		8F062A5C1EFA071600483BA2 /* UserDetailObject.swift in Sources */ = {isa = PBXBuildFile; fileRef = 8F062A5B1EFA071600483BA2 /* UserDetailObject.swift */; };
		8F062A5E1EFA0B0E00483BA2 /* Brain.swift in Sources */ = {isa = PBXBuildFile; fileRef = 8F062A5D1EFA0B0E00483BA2 /* Brain.swift */; };
		C625EA591F00D77200C77623 /* MessageUI.framework in Frameworks */ = {isa = PBXBuildFile; fileRef = C625EA581F00D77200C77623 /* MessageUI.framework */; };
		C625EA5C1F00EBFD00C77623 /* UserTableViewCell.swift in Sources */ = {isa = PBXBuildFile; fileRef = C625EA5A1F00EBFC00C77623 /* UserTableViewCell.swift */; };
		C625EA5D1F00EBFD00C77623 /* UserTableViewCell.xib in Resources */ = {isa = PBXBuildFile; fileRef = C625EA5B1F00EBFD00C77623 /* UserTableViewCell.xib */; };
		FEB25A0DC51E57EFCFD04F55 /* Pods_sampleTest1.framework in Frameworks */ = {isa = PBXBuildFile; fileRef = 61B93D38FA9CA34C6AC97141 /* Pods_sampleTest1.framework */; };
/* End PBXBuildFile section */

/* Begin PBXContainerItemProxy section */
		8F062A371EF9FE3600483BA2 /* PBXContainerItemProxy */ = {
			isa = PBXContainerItemProxy;
			containerPortal = 8F062A1A1EF9FE3600483BA2 /* Project object */;
			proxyType = 1;
			remoteGlobalIDString = 8F062A211EF9FE3600483BA2;
			remoteInfo = sampleTest1;
		};
		8F062A421EF9FE3600483BA2 /* PBXContainerItemProxy */ = {
			isa = PBXContainerItemProxy;
			containerPortal = 8F062A1A1EF9FE3600483BA2 /* Project object */;
			proxyType = 1;
			remoteGlobalIDString = 8F062A211EF9FE3600483BA2;
			remoteInfo = sampleTest1;
		};
/* End PBXContainerItemProxy section */

/* Begin PBXFileReference section */
		2C4D26E409BAB3E99DE7F39B /* Pods-sampleTest1.debug.xcconfig */ = {isa = PBXFileReference; includeInIndex = 1; lastKnownFileType = text.xcconfig; name = "Pods-sampleTest1.debug.xcconfig"; path = "Pods/Target Support Files/Pods-sampleTest1/Pods-sampleTest1.debug.xcconfig"; sourceTree = "<group>"; };
		368C196B90A48D6E3A668C4B /* Pods-sampleTest1.release.xcconfig */ = {isa = PBXFileReference; includeInIndex = 1; lastKnownFileType = text.xcconfig; name = "Pods-sampleTest1.release.xcconfig"; path = "Pods/Target Support Files/Pods-sampleTest1/Pods-sampleTest1.release.xcconfig"; sourceTree = "<group>"; };
		61B93D38FA9CA34C6AC97141 /* Pods_sampleTest1.framework */ = {isa = PBXFileReference; explicitFileType = wrapper.framework; includeInIndex = 0; path = Pods_sampleTest1.framework; sourceTree = BUILT_PRODUCTS_DIR; };
		8F062A221EF9FE3600483BA2 /* sampleTest1.app */ = {isa = PBXFileReference; explicitFileType = wrapper.application; includeInIndex = 0; path = sampleTest1.app; sourceTree = BUILT_PRODUCTS_DIR; };
		8F062A251EF9FE3600483BA2 /* AppDelegate.swift */ = {isa = PBXFileReference; lastKnownFileType = sourcecode.swift; path = AppDelegate.swift; sourceTree = "<group>"; };
		8F062A271EF9FE3600483BA2 /* UserViewControllerViewController.swift */ = {isa = PBXFileReference; lastKnownFileType = sourcecode.swift; path = UserViewControllerViewController.swift; sourceTree = "<group>"; };
		8F062A2A1EF9FE3600483BA2 /* Base */ = {isa = PBXFileReference; lastKnownFileType = file.storyboard; name = Base; path = Base.lproj/Main.storyboard; sourceTree = "<group>"; };
		8F062A2C1EF9FE3600483BA2 /* Assets.xcassets */ = {isa = PBXFileReference; lastKnownFileType = folder.assetcatalog; path = Assets.xcassets; sourceTree = "<group>"; };
		8F062A2F1EF9FE3600483BA2 /* Base */ = {isa = PBXFileReference; lastKnownFileType = file.storyboard; name = Base; path = Base.lproj/LaunchScreen.storyboard; sourceTree = "<group>"; };
		8F062A311EF9FE3600483BA2 /* Info.plist */ = {isa = PBXFileReference; lastKnownFileType = text.plist.xml; path = Info.plist; sourceTree = "<group>"; };
		8F062A361EF9FE3600483BA2 /* sampleTest1Tests.xctest */ = {isa = PBXFileReference; explicitFileType = wrapper.cfbundle; includeInIndex = 0; path = sampleTest1Tests.xctest; sourceTree = BUILT_PRODUCTS_DIR; };
		8F062A3A1EF9FE3600483BA2 /* sampleTest1Tests.swift */ = {isa = PBXFileReference; lastKnownFileType = sourcecode.swift; path = sampleTest1Tests.swift; sourceTree = "<group>"; };
		8F062A3C1EF9FE3600483BA2 /* Info.plist */ = {isa = PBXFileReference; lastKnownFileType = text.plist.xml; path = Info.plist; sourceTree = "<group>"; };
		8F062A411EF9FE3600483BA2 /* sampleTest1UITests.xctest */ = {isa = PBXFileReference; explicitFileType = wrapper.cfbundle; includeInIndex = 0; path = sampleTest1UITests.xctest; sourceTree = BUILT_PRODUCTS_DIR; };
		8F062A451EF9FE3600483BA2 /* sampleTest1UITests.swift */ = {isa = PBXFileReference; lastKnownFileType = sourcecode.swift; path = sampleTest1UITests.swift; sourceTree = "<group>"; };
		8F062A471EF9FE3600483BA2 /* Info.plist */ = {isa = PBXFileReference; lastKnownFileType = text.plist.xml; path = Info.plist; sourceTree = "<group>"; };
		8F062A571EFA009900483BA2 /* UserObject.swift */ = {isa = PBXFileReference; fileEncoding = 4; lastKnownFileType = sourcecode.swift; name = UserObject.swift; path = ../UserObject.swift; sourceTree = "<group>"; };
		8F062A591EFA05BF00483BA2 /* UserDetailViewController.swift */ = {isa = PBXFileReference; fileEncoding = 4; lastKnownFileType = sourcecode.swift; path = UserDetailViewController.swift; sourceTree = "<group>"; };
		8F062A5B1EFA071600483BA2 /* UserDetailObject.swift */ = {isa = PBXFileReference; fileEncoding = 4; lastKnownFileType = sourcecode.swift; name = UserDetailObject.swift; path = ../UserDetailObject.swift; sourceTree = "<group>"; };
		8F062A5D1EFA0B0E00483BA2 /* Brain.swift */ = {isa = PBXFileReference; fileEncoding = 4; lastKnownFileType = sourcecode.swift; name = Brain.swift; path = ../Brain.swift; sourceTree = "<group>"; };
		C625EA581F00D77200C77623 /* MessageUI.framework */ = {isa = PBXFileReference; lastKnownFileType = wrapper.framework; name = MessageUI.framework; path = System/Library/Frameworks/MessageUI.framework; sourceTree = SDKROOT; };
		C625EA5A1F00EBFC00C77623 /* UserTableViewCell.swift */ = {isa = PBXFileReference; fileEncoding = 4; lastKnownFileType = sourcecode.swift; path = UserTableViewCell.swift; sourceTree = "<group>"; };
		C625EA5B1F00EBFD00C77623 /* UserTableViewCell.xib */ = {isa = PBXFileReference; fileEncoding = 4; lastKnownFileType = file.xib; path = UserTableViewCell.xib; sourceTree = "<group>"; };
/* End PBXFileReference section */

/* Begin PBXFrameworksBuildPhase section */
		8F062A1F1EF9FE3600483BA2 /* Frameworks */ = {
			isa = PBXFrameworksBuildPhase;
			buildActionMask = 2147483647;
			files = (
				C625EA591F00D77200C77623 /* MessageUI.framework in Frameworks */,
				FEB25A0DC51E57EFCFD04F55 /* Pods_sampleTest1.framework in Frameworks */,
			);
			runOnlyForDeploymentPostprocessing = 0;
		};
		8F062A331EF9FE3600483BA2 /* Frameworks */ = {
			isa = PBXFrameworksBuildPhase;
			buildActionMask = 2147483647;
			files = (
			);
			runOnlyForDeploymentPostprocessing = 0;
		};
		8F062A3E1EF9FE3600483BA2 /* Frameworks */ = {
			isa = PBXFrameworksBuildPhase;
			buildActionMask = 2147483647;
			files = (
			);
			runOnlyForDeploymentPostprocessing = 0;
		};
/* End PBXFrameworksBuildPhase section */

/* Begin PBXGroup section */
		00410C2AD77AED4BA8ADD037 /* Frameworks */ = {
			isa = PBXGroup;
			children = (
				C625EA581F00D77200C77623 /* MessageUI.framework */,
				61B93D38FA9CA34C6AC97141 /* Pods_sampleTest1.framework */,
			);
			name = Frameworks;
			sourceTree = "<group>";
		};
		54DA6BC925A26E2F27F6727B /* Pods */ = {
			isa = PBXGroup;
			children = (
				2C4D26E409BAB3E99DE7F39B /* Pods-sampleTest1.debug.xcconfig */,
				368C196B90A48D6E3A668C4B /* Pods-sampleTest1.release.xcconfig */,
			);
			name = Pods;
			sourceTree = "<group>";
		};
		8F062A191EF9FE3600483BA2 = {
			isa = PBXGroup;
			children = (
				8F062A241EF9FE3600483BA2 /* sampleTest1 */,
				8F062A391EF9FE3600483BA2 /* sampleTest1Tests */,
				8F062A441EF9FE3600483BA2 /* sampleTest1UITests */,
				8F062A231EF9FE3600483BA2 /* Products */,
				54DA6BC925A26E2F27F6727B /* Pods */,
				00410C2AD77AED4BA8ADD037 /* Frameworks */,
			);
			sourceTree = "<group>";
		};
		8F062A231EF9FE3600483BA2 /* Products */ = {
			isa = PBXGroup;
			children = (
				8F062A221EF9FE3600483BA2 /* sampleTest1.app */,
				8F062A361EF9FE3600483BA2 /* sampleTest1Tests.xctest */,
				8F062A411EF9FE3600483BA2 /* sampleTest1UITests.xctest */,
			);
			name = Products;
			sourceTree = "<group>";
		};
		8F062A241EF9FE3600483BA2 /* sampleTest1 */ = {
			isa = PBXGroup;
			children = (
				8F062A5D1EFA0B0E00483BA2 /* Brain.swift */,
				8F062A5B1EFA071600483BA2 /* UserDetailObject.swift */,
				8F062A571EFA009900483BA2 /* UserObject.swift */,
				8F062A251EF9FE3600483BA2 /* AppDelegate.swift */,
				8F062A291EF9FE3600483BA2 /* Main.storyboard */,
				8F062A271EF9FE3600483BA2 /* UserViewControllerViewController.swift */,
				C625EA5A1F00EBFC00C77623 /* UserTableViewCell.swift */,
				C625EA5B1F00EBFD00C77623 /* UserTableViewCell.xib */,
				8F062A591EFA05BF00483BA2 /* UserDetailViewController.swift */,
				8F062A311EF9FE3600483BA2 /* Info.plist */,
				8F062A2C1EF9FE3600483BA2 /* Assets.xcassets */,
				8F062A2E1EF9FE3600483BA2 /* LaunchScreen.storyboard */,
			);
			path = sampleTest1;
			sourceTree = "<group>";
		};
		8F062A391EF9FE3600483BA2 /* sampleTest1Tests */ = {
			isa = PBXGroup;
			children = (
				8F062A3A1EF9FE3600483BA2 /* sampleTest1Tests.swift */,
				8F062A3C1EF9FE3600483BA2 /* Info.plist */,
			);
			path = sampleTest1Tests;
			sourceTree = "<group>";
		};
		8F062A441EF9FE3600483BA2 /* sampleTest1UITests */ = {
			isa = PBXGroup;
			children = (
				8F062A451EF9FE3600483BA2 /* sampleTest1UITests.swift */,
				8F062A471EF9FE3600483BA2 /* Info.plist */,
			);
			path = sampleTest1UITests;
			sourceTree = "<group>";
		};
/* End PBXGroup section */

/* Begin PBXNativeTarget section */
		8F062A211EF9FE3600483BA2 /* sampleTest1 */ = {
			isa = PBXNativeTarget;
			buildConfigurationList = 8F062A4A1EF9FE3600483BA2 /* Build configuration list for PBXNativeTarget "sampleTest1" */;
			buildPhases = (
				61FD4F04F47B7EDDA6E1404E /* [CP] Check Pods Manifest.lock */,
				8F062A1E1EF9FE3600483BA2 /* Sources */,
				8F062A1F1EF9FE3600483BA2 /* Frameworks */,
				8F062A201EF9FE3600483BA2 /* Resources */,
				EB064DC7E94A0F4012675F18 /* [CP] Embed Pods Frameworks */,
				DE3580B0F011F01FC7E02153 /* [CP] Copy Pods Resources */,
			);
			buildRules = (
			);
			dependencies = (
			);
			name = sampleTest1;
			productName = sampleTest1;
			productReference = 8F062A221EF9FE3600483BA2 /* sampleTest1.app */;
			productType = "com.apple.product-type.application";
		};
		8F062A351EF9FE3600483BA2 /* sampleTest1Tests */ = {
			isa = PBXNativeTarget;
			buildConfigurationList = 8F062A4D1EF9FE3600483BA2 /* Build configuration list for PBXNativeTarget "sampleTest1Tests" */;
			buildPhases = (
				8F062A321EF9FE3600483BA2 /* Sources */,
				8F062A331EF9FE3600483BA2 /* Frameworks */,
				8F062A341EF9FE3600483BA2 /* Resources */,
			);
			buildRules = (
			);
			dependencies = (
				8F062A381EF9FE3600483BA2 /* PBXTargetDependency */,
			);
			name = sampleTest1Tests;
			productName = sampleTest1Tests;
			productReference = 8F062A361EF9FE3600483BA2 /* sampleTest1Tests.xctest */;
			productType = "com.apple.product-type.bundle.unit-test";
		};
		8F062A401EF9FE3600483BA2 /* sampleTest1UITests */ = {
			isa = PBXNativeTarget;
			buildConfigurationList = 8F062A501EF9FE3600483BA2 /* Build configuration list for PBXNativeTarget "sampleTest1UITests" */;
			buildPhases = (
				8F062A3D1EF9FE3600483BA2 /* Sources */,
				8F062A3E1EF9FE3600483BA2 /* Frameworks */,
				8F062A3F1EF9FE3600483BA2 /* Resources */,
			);
			buildRules = (
			);
			dependencies = (
				8F062A431EF9FE3600483BA2 /* PBXTargetDependency */,
			);
			name = sampleTest1UITests;
			productName = sampleTest1UITests;
			productReference = 8F062A411EF9FE3600483BA2 /* sampleTest1UITests.xctest */;
			productType = "com.apple.product-type.bundle.ui-testing";
		};
/* End PBXNativeTarget section */

/* Begin PBXProject section */
		8F062A1A1EF9FE3600483BA2 /* Project object */ = {
			isa = PBXProject;
			attributes = {
				LastSwiftUpdateCheck = 0830;
				LastUpgradeCheck = 0830;
				ORGANIZATIONNAME = imaravesh;
				TargetAttributes = {
					8F062A211EF9FE3600483BA2 = {
						CreatedOnToolsVersion = 8.3;
						DevelopmentTeam = Y73Z5HHB9F;
						ProvisioningStyle = Automatic;
					};
					8F062A351EF9FE3600483BA2 = {
						CreatedOnToolsVersion = 8.3;
						ProvisioningStyle = Automatic;
						TestTargetID = 8F062A211EF9FE3600483BA2;
					};
					8F062A401EF9FE3600483BA2 = {
						CreatedOnToolsVersion = 8.3;
						ProvisioningStyle = Automatic;
						TestTargetID = 8F062A211EF9FE3600483BA2;
					};
				};
			};
			buildConfigurationList = 8F062A1D1EF9FE3600483BA2 /* Build configuration list for PBXProject "sampleTest1" */;
			compatibilityVersion = "Xcode 3.2";
			developmentRegion = English;
			hasScannedForEncodings = 0;
			knownRegions = (
				en,
				Base,
			);
			mainGroup = 8F062A191EF9FE3600483BA2;
			productRefGroup = 8F062A231EF9FE3600483BA2 /* Products */;
			projectDirPath = "";
			projectRoot = "";
			targets = (
				8F062A211EF9FE3600483BA2 /* sampleTest1 */,
				8F062A351EF9FE3600483BA2 /* sampleTest1Tests */,
				8F062A401EF9FE3600483BA2 /* sampleTest1UITests */,
			);
		};
/* End PBXProject section */

/* Begin PBXResourcesBuildPhase section */
		8F062A201EF9FE3600483BA2 /* Resources */ = {
			isa = PBXResourcesBuildPhase;
			buildActionMask = 2147483647;
			files = (
				C625EA5D1F00EBFD00C77623 /* UserTableViewCell.xib in Resources */,
				8F062A301EF9FE3600483BA2 /* LaunchScreen.storyboard in Resources */,
				8F062A2D1EF9FE3600483BA2 /* Assets.xcassets in Resources */,
				8F062A2B1EF9FE3600483BA2 /* Main.storyboard in Resources */,
			);
			runOnlyForDeploymentPostprocessing = 0;
		};
		8F062A341EF9FE3600483BA2 /* Resources */ = {
			isa = PBXResourcesBuildPhase;
			buildActionMask = 2147483647;
			files = (
			);
			runOnlyForDeploymentPostprocessing = 0;
		};
		8F062A3F1EF9FE3600483BA2 /* Resources */ = {
			isa = PBXResourcesBuildPhase;
			buildActionMask = 2147483647;
			files = (
			);
			runOnlyForDeploymentPostprocessing = 0;
		};
/* End PBXResourcesBuildPhase section */

/* Begin PBXShellScriptBuildPhase section */
		61FD4F04F47B7EDDA6E1404E /* [CP] Check Pods Manifest.lock */ = {
			isa = PBXShellScriptBuildPhase;
			buildActionMask = 2147483647;
			files = (
			);
			inputPaths = (
			);
			name = "[CP] Check Pods Manifest.lock";
			outputPaths = (
			);
			runOnlyForDeploymentPostprocessing = 0;
			shellPath = /bin/sh;
			shellScript = "diff \"${PODS_PODFILE_DIR_PATH}/Podfile.lock\" \"${PODS_ROOT}/Manifest.lock\" > /dev/null\nif [ $? != 0 ] ; then\n    # print error to STDERR\n    echo \"error: The sandbox is not in sync with the Podfile.lock. Run 'pod install' or update your CocoaPods installation.\" >&2\n    exit 1\nfi\n";
			showEnvVarsInLog = 0;
		};
		DE3580B0F011F01FC7E02153 /* [CP] Copy Pods Resources */ = {
			isa = PBXShellScriptBuildPhase;
			buildActionMask = 2147483647;
			files = (
			);
			inputPaths = (
			);
			name = "[CP] Copy Pods Resources";
			outputPaths = (
			);
			runOnlyForDeploymentPostprocessing = 0;
			shellPath = /bin/sh;
			shellScript = "\"${SRCROOT}/Pods/Target Support Files/Pods-sampleTest1/Pods-sampleTest1-resources.sh\"\n";
			showEnvVarsInLog = 0;
		};
		EB064DC7E94A0F4012675F18 /* [CP] Embed Pods Frameworks */ = {
			isa = PBXShellScriptBuildPhase;
			buildActionMask = 2147483647;
			files = (
			);
			inputPaths = (
			);
			name = "[CP] Embed Pods Frameworks";
			outputPaths = (
			);
			runOnlyForDeploymentPostprocessing = 0;
			shellPath = /bin/sh;
			shellScript = "\"${SRCROOT}/Pods/Target Support Files/Pods-sampleTest1/Pods-sampleTest1-frameworks.sh\"\n";
			showEnvVarsInLog = 0;
		};
/* End PBXShellScriptBuildPhase section */

/* Begin PBXSourcesBuildPhase section */
		8F062A1E1EF9FE3600483BA2 /* Sources */ = {
			isa = PBXSourcesBuildPhase;
			buildActionMask = 2147483647;
			files = (
				8F062A281EF9FE3600483BA2 /* UserViewControllerViewController.swift in Sources */,
				8F062A5A1EFA05BF00483BA2 /* UserDetailViewController.swift in Sources */,
				8F062A581EFA009900483BA2 /* UserObject.swift in Sources */,
				8F062A5E1EFA0B0E00483BA2 /* Brain.swift in Sources */,
				8F062A5C1EFA071600483BA2 /* UserDetailObject.swift in Sources */,
				C625EA5C1F00EBFD00C77623 /* UserTableViewCell.swift in Sources */,
				8F062A261EF9FE3600483BA2 /* AppDelegate.swift in Sources */,
			);
			runOnlyForDeploymentPostprocessing = 0;
		};
		8F062A321EF9FE3600483BA2 /* Sources */ = {
			isa = PBXSourcesBuildPhase;
			buildActionMask = 2147483647;
			files = (
				8F062A3B1EF9FE3600483BA2 /* sampleTest1Tests.swift in Sources */,
			);
			runOnlyForDeploymentPostprocessing = 0;
		};
		8F062A3D1EF9FE3600483BA2 /* Sources */ = {
			isa = PBXSourcesBuildPhase;
			buildActionMask = 2147483647;
			files = (
				8F062A461EF9FE3600483BA2 /* sampleTest1UITests.swift in Sources */,
			);
			runOnlyForDeploymentPostprocessing = 0;
		};
/* End PBXSourcesBuildPhase section */

/* Begin PBXTargetDependency section */
		8F062A381EF9FE3600483BA2 /* PBXTargetDependency */ = {
			isa = PBXTargetDependency;
			target = 8F062A211EF9FE3600483BA2 /* sampleTest1 */;
			targetProxy = 8F062A371EF9FE3600483BA2 /* PBXContainerItemProxy */;
		};
		8F062A431EF9FE3600483BA2 /* PBXTargetDependency */ = {
			isa = PBXTargetDependency;
			target = 8F062A211EF9FE3600483BA2 /* sampleTest1 */;
			targetProxy = 8F062A421EF9FE3600483BA2 /* PBXContainerItemProxy */;
		};
/* End PBXTargetDependency section */

/* Begin PBXVariantGroup section */
		8F062A291EF9FE3600483BA2 /* Main.storyboard */ = {
			isa = PBXVariantGroup;
			children = (
				8F062A2A1EF9FE3600483BA2 /* Base */,
			);
			name = Main.storyboard;
			sourceTree = "<group>";
		};
		8F062A2E1EF9FE3600483BA2 /* LaunchScreen.storyboard */ = {
			isa = PBXVariantGroup;
			children = (
				8F062A2F1EF9FE3600483BA2 /* Base */,
			);
			name = LaunchScreen.storyboard;
			sourceTree = "<group>";
		};
/* End PBXVariantGroup section */

/* Begin XCBuildConfiguration section */
		8F062A481EF9FE3600483BA2 /* Debug */ = {
			isa = XCBuildConfiguration;
			buildSettings = {
				ALWAYS_SEARCH_USER_PATHS = NO;
				CLANG_ANALYZER_NONNULL = YES;
				CLANG_ANALYZER_NUMBER_OBJECT_CONVERSION = YES_AGGRESSIVE;
				CLANG_CXX_LANGUAGE_STANDARD = "gnu++0x";
				CLANG_CXX_LIBRARY = "libc++";
				CLANG_ENABLE_MODULES = YES;
				CLANG_ENABLE_OBJC_ARC = YES;
				CLANG_WARN_BOOL_CONVERSION = YES;
				CLANG_WARN_CONSTANT_CONVERSION = YES;
				CLANG_WARN_DIRECT_OBJC_ISA_USAGE = YES_ERROR;
				CLANG_WARN_DOCUMENTATION_COMMENTS = YES;
				CLANG_WARN_EMPTY_BODY = YES;
				CLANG_WARN_ENUM_CONVERSION = YES;
				CLANG_WARN_INFINITE_RECURSION = YES;
				CLANG_WARN_INT_CONVERSION = YES;
				CLANG_WARN_OBJC_ROOT_CLASS = YES_ERROR;
				CLANG_WARN_SUSPICIOUS_MOVE = YES;
				CLANG_WARN_UNREACHABLE_CODE = YES;
				CLANG_WARN__DUPLICATE_METHOD_MATCH = YES;
				"CODE_SIGN_IDENTITY[sdk=iphoneos*]" = "iPhone Developer";
				COPY_PHASE_STRIP = NO;
				DEBUG_INFORMATION_FORMAT = dwarf;
				ENABLE_STRICT_OBJC_MSGSEND = YES;
				ENABLE_TESTABILITY = YES;
				GCC_C_LANGUAGE_STANDARD = gnu99;
				GCC_DYNAMIC_NO_PIC = NO;
				GCC_NO_COMMON_BLOCKS = YES;
				GCC_OPTIMIZATION_LEVEL = 0;
				GCC_PREPROCESSOR_DEFINITIONS = (
					"DEBUG=1",
					"$(inherited)",
				);
				GCC_WARN_64_TO_32_BIT_CONVERSION = YES;
				GCC_WARN_ABOUT_RETURN_TYPE = YES_ERROR;
				GCC_WARN_UNDECLARED_SELECTOR = YES;
				GCC_WARN_UNINITIALIZED_AUTOS = YES_AGGRESSIVE;
				GCC_WARN_UNUSED_FUNCTION = YES;
				GCC_WARN_UNUSED_VARIABLE = YES;
				IPHONEOS_DEPLOYMENT_TARGET = 10.3;
				MTL_ENABLE_DEBUG_INFO = YES;
				ONLY_ACTIVE_ARCH = YES;
				SDKROOT = iphoneos;
				SWIFT_ACTIVE_COMPILATION_CONDITIONS = DEBUG;
				SWIFT_OPTIMIZATION_LEVEL = "-Onone";
				TARGETED_DEVICE_FAMILY = "1,2";
			};
			name = Debug;
		};
		8F062A491EF9FE3600483BA2 /* Release */ = {
			isa = XCBuildConfiguration;
			buildSettings = {
				ALWAYS_SEARCH_USER_PATHS = NO;
				CLANG_ANALYZER_NONNULL = YES;
				CLANG_ANALYZER_NUMBER_OBJECT_CONVERSION = YES_AGGRESSIVE;
				CLANG_CXX_LANGUAGE_STANDARD = "gnu++0x";
				CLANG_CXX_LIBRARY = "libc++";
				CLANG_ENABLE_MODULES = YES;
				CLANG_ENABLE_OBJC_ARC = YES;
				CLANG_WARN_BOOL_CONVERSION = YES;
				CLANG_WARN_CONSTANT_CONVERSION = YES;
				CLANG_WARN_DIRECT_OBJC_ISA_USAGE = YES_ERROR;
				CLANG_WARN_DOCUMENTATION_COMMENTS = YES;
				CLANG_WARN_EMPTY_BODY = YES;
				CLANG_WARN_ENUM_CONVERSION = YES;
				CLANG_WARN_INFINITE_RECURSION = YES;
				CLANG_WARN_INT_CONVERSION = YES;
				CLANG_WARN_OBJC_ROOT_CLASS = YES_ERROR;
				CLANG_WARN_SUSPICIOUS_MOVE = YES;
				CLANG_WARN_UNREACHABLE_CODE = YES;
				CLANG_WARN__DUPLICATE_METHOD_MATCH = YES;
				"CODE_SIGN_IDENTITY[sdk=iphoneos*]" = "iPhone Developer";
				COPY_PHASE_STRIP = NO;
				DEBUG_INFORMATION_FORMAT = "dwarf-with-dsym";
				ENABLE_NS_ASSERTIONS = NO;
				ENABLE_STRICT_OBJC_MSGSEND = YES;
				GCC_C_LANGUAGE_STANDARD = gnu99;
				GCC_NO_COMMON_BLOCKS = YES;
				GCC_WARN_64_TO_32_BIT_CONVERSION = YES;
				GCC_WARN_ABOUT_RETURN_TYPE = YES_ERROR;
				GCC_WARN_UNDECLARED_SELECTOR = YES;
				GCC_WARN_UNINITIALIZED_AUTOS = YES_AGGRESSIVE;
				GCC_WARN_UNUSED_FUNCTION = YES;
				GCC_WARN_UNUSED_VARIABLE = YES;
				IPHONEOS_DEPLOYMENT_TARGET = 10.3;
				MTL_ENABLE_DEBUG_INFO = NO;
				SDKROOT = iphoneos;
				SWIFT_OPTIMIZATION_LEVEL = "-Owholemodule";
				TARGETED_DEVICE_FAMILY = "1,2";
				VALIDATE_PRODUCT = YES;
			};
			name = Release;
		};
		8F062A4B1EF9FE3600483BA2 /* Debug */ = {
			isa = XCBuildConfiguration;
			baseConfigurationReference = 2C4D26E409BAB3E99DE7F39B /* Pods-sampleTest1.debug.xcconfig */;
			buildSettings = {
				ASSETCATALOG_COMPILER_APPICON_NAME = AppIcon;
				DEVELOPMENT_TEAM = Y73Z5HHB9F;
				INFOPLIST_FILE = sampleTest1/Info.plist;
				IPHONEOS_DEPLOYMENT_TARGET = 10.3;
				LD_RUNPATH_SEARCH_PATHS = "$(inherited) @executable_path/Frameworks";
				PRODUCT_BUNDLE_IDENTIFIER = imaravesh.sampleTest1;
				PRODUCT_NAME = "$(TARGET_NAME)";
				SWIFT_VERSION = 3.0;
			};
			name = Debug;
		};
		8F062A4C1EF9FE3600483BA2 /* Release */ = {
			isa = XCBuildConfiguration;
			baseConfigurationReference = 368C196B90A48D6E3A668C4B /* Pods-sampleTest1.release.xcconfig */;
			buildSettings = {
				ASSETCATALOG_COMPILER_APPICON_NAME = AppIcon;
				DEVELOPMENT_TEAM = Y73Z5HHB9F;
				INFOPLIST_FILE = sampleTest1/Info.plist;
				IPHONEOS_DEPLOYMENT_TARGET = 10.3;
				LD_RUNPATH_SEARCH_PATHS = "$(inherited) @executable_path/Frameworks";
				PRODUCT_BUNDLE_IDENTIFIER = imaravesh.sampleTest1;
				PRODUCT_NAME = "$(TARGET_NAME)";
				SWIFT_VERSION = 3.0;
			};
			name = Release;
		};
		8F062A4E1EF9FE3600483BA2 /* Debug */ = {
			isa = XCBuildConfiguration;
			buildSettings = {
				ALWAYS_EMBED_SWIFT_STANDARD_LIBRARIES = YES;
				BUNDLE_LOADER = "$(TEST_HOST)";
				INFOPLIST_FILE = sampleTest1Tests/Info.plist;
				LD_RUNPATH_SEARCH_PATHS = "$(inherited) @executable_path/Frameworks @loader_path/Frameworks";
				PRODUCT_BUNDLE_IDENTIFIER = imaravesh.sampleTest1Tests;
				PRODUCT_NAME = "$(TARGET_NAME)";
				SWIFT_VERSION = 3.0;
				TEST_HOST = "$(BUILT_PRODUCTS_DIR)/sampleTest1.app/sampleTest1";
			};
			name = Debug;
		};
		8F062A4F1EF9FE3600483BA2 /* Release */ = {
			isa = XCBuildConfiguration;
			buildSettings = {
				ALWAYS_EMBED_SWIFT_STANDARD_LIBRARIES = YES;
				BUNDLE_LOADER = "$(TEST_HOST)";
				INFOPLIST_FILE = sampleTest1Tests/Info.plist;
				LD_RUNPATH_SEARCH_PATHS = "$(inherited) @executable_path/Frameworks @loader_path/Frameworks";
				PRODUCT_BUNDLE_IDENTIFIER = imaravesh.sampleTest1Tests;
				PRODUCT_NAME = "$(TARGET_NAME)";
				SWIFT_VERSION = 3.0;
				TEST_HOST = "$(BUILT_PRODUCTS_DIR)/sampleTest1.app/sampleTest1";
			};
			name = Release;
		};
		8F062A511EF9FE3600483BA2 /* Debug */ = {
			isa = XCBuildConfiguration;
			buildSettings = {
				ALWAYS_EMBED_SWIFT_STANDARD_LIBRARIES = YES;
				INFOPLIST_FILE = sampleTest1UITests/Info.plist;
				LD_RUNPATH_SEARCH_PATHS = "$(inherited) @executable_path/Frameworks @loader_path/Frameworks";
				PRODUCT_BUNDLE_IDENTIFIER = imaravesh.sampleTest1UITests;
				PRODUCT_NAME = "$(TARGET_NAME)";
				SWIFT_VERSION = 3.0;
				TEST_TARGET_NAME = sampleTest1;
			};
			name = Debug;
		};
		8F062A521EF9FE3600483BA2 /* Release */ = {
			isa = XCBuildConfiguration;
			buildSettings = {
				ALWAYS_EMBED_SWIFT_STANDARD_LIBRARIES = YES;
				INFOPLIST_FILE = sampleTest1UITests/Info.plist;
				LD_RUNPATH_SEARCH_PATHS = "$(inherited) @executable_path/Frameworks @loader_path/Frameworks";
				PRODUCT_BUNDLE_IDENTIFIER = imaravesh.sampleTest1UITests;
				PRODUCT_NAME = "$(TARGET_NAME)";
				SWIFT_VERSION = 3.0;
				TEST_TARGET_NAME = sampleTest1;
			};
			name = Release;
		};
/* End XCBuildConfiguration section */

/* Begin XCConfigurationList section */
		8F062A1D1EF9FE3600483BA2 /* Build configuration list for PBXProject "sampleTest1" */ = {
			isa = XCConfigurationList;
			buildConfigurations = (
				8F062A481EF9FE3600483BA2 /* Debug */,
				8F062A491EF9FE3600483BA2 /* Release */,
			);
			defaultConfigurationIsVisible = 0;
			defaultConfigurationName = Release;
		};
		8F062A4A1EF9FE3600483BA2 /* Build configuration list for PBXNativeTarget "sampleTest1" */ = {
			isa = XCConfigurationList;
			buildConfigurations = (
				8F062A4B1EF9FE3600483BA2 /* Debug */,
				8F062A4C1EF9FE3600483BA2 /* Release */,
			);
			defaultConfigurationIsVisible = 0;
			defaultConfigurationName = Release;
		};
		8F062A4D1EF9FE3600483BA2 /* Build configuration list for PBXNativeTarget "sampleTest1Tests" */ = {
			isa = XCConfigurationList;
			buildConfigurations = (
				8F062A4E1EF9FE3600483BA2 /* Debug */,
				8F062A4F1EF9FE3600483BA2 /* Release */,
			);
			defaultConfigurationIsVisible = 0;
			defaultConfigurationName = Release;
		};
		8F062A501EF9FE3600483BA2 /* Build configuration list for PBXNativeTarget "sampleTest1UITests" */ = {
			isa = XCConfigurationList;
			buildConfigurations = (
				8F062A511EF9FE3600483BA2 /* Debug */,
				8F062A521EF9FE3600483BA2 /* Release */,
			);
			defaultConfigurationIsVisible = 0;
			defaultConfigurationName = Release;
		};
/* End XCConfigurationList section */
	};
	rootObject = 8F062A1A1EF9FE3600483BA2 /* Project object */;
}
